
Microsoft Visual Studio Solution File, Format Version 12.00
# Visual Studio Version 16
VisualStudioVersion = 16.0.31424.327
MinimumVisualStudioVersion = 10.0.40219.1
Project("{FAE04EC0-301F-11D3-BF4B-00C04F79EFBC}") = "DPSMeter", "DPSMeter\DPSMeter.csproj", "{0DF5918F-F8B3-44B7-AEB2-4E5EA72E2B20}"
EndProject
Global
	GlobalSection(SolutionConfigurationPlatforms) = preSolution
		Debug|Any CPU = Debug|Any CPU
		Release|Any CPU = Release|Any CPU
	EndGlobalSection
	GlobalSection(ProjectConfigurationPlatforms) = postSolution
		{0DF5918F-F8B3-44B7-AEB2-4E5EA72E2B20}.Debug|Any CPU.ActiveCfg = Debug|Any CPU
		{0DF5918F-F8B3-44B7-AEB2-4E5EA72E2B20}.Debug|Any CPU.Build.0 = Debug|Any CPU
		{0DF5918F-F8B3-44B7-AEB2-4E5EA72E2B20}.Release|Any CPU.ActiveCfg = Release|Any CPU
		{0DF5918F-F8B3-44B7-AEB2-4E5EA72E2B20}.Release|Any CPU.Build.0 = Release|Any CPU
	EndGlobalSection
	GlobalSection(SolutionProperties) = preSolution
		HideSolutionNode = FALSE
	EndGlobalSection
	GlobalSection(ExtensibilityGlobals) = postSolution
		SolutionGuid = {529E7AA5-5F3E-493D-BA95-9D9FE9E04EC7}
	EndGlobalSection
EndGlobal
